
Microsoft Visual Studio Solution File, Format Version 12.00
# Visual Studio 15
VisualStudioVersion = 15.0.28010.2026
MinimumVisualStudioVersion = 10.0.40219.1
Project("{FAE04EC0-301F-11D3-BF4B-00C04F79EFBC}") = "HelloWorld", "HelloWorld\HelloWorld.csproj", "{D9FD7EE1-4EBC-4336-BE95-7FDD77254F04}"
EndProject
Global
	GlobalSection(SolutionConfigurationPlatforms) = preSolution
		Debug|Any CPU = Debug|Any CPU
		Release|Any CPU = Release|Any CPU
	EndGlobalSection
	GlobalSection(ProjectConfigurationPlatforms) = postSolution
		{D9FD7EE1-4EBC-4336-BE95-7FDD77254F04}.Debug|Any CPU.ActiveCfg = Debug|Any CPU
		{D9FD7EE1-4EBC-4336-BE95-7FDD77254F04}.Debug|Any CPU.Build.0 = Debug|Any CPU
		{D9FD7EE1-4EBC-4336-BE95-7FDD77254F04}.Release|Any CPU.ActiveCfg = Release|Any CPU
		{D9FD7EE1-4EBC-4336-BE95-7FDD77254F04}.Release|Any CPU.Build.0 = Release|Any CPU
	EndGlobalSection
	GlobalSection(SolutionProperties) = preSolution
		HideSolutionNode = FALSE
	EndGlobalSection
	GlobalSection(ExtensibilityGlobals) = postSolution
		SolutionGuid = {DB8D1CE8-F360-4657-872E-E71FC59D6FAD}
	EndGlobalSection
EndGlobal
